
Microsoft Visual Studio Solution File, Format Version 12.00
# Visual Studio Version 17
VisualStudioVersion = 17.2.32630.192
MinimumVisualStudioVersion = 10.0.40219.1
Project("{FAE04EC0-301F-11D3-BF4B-00C04F79EFBC}") = "EquationSolver", "EquationSolver\EquationSolver.csproj", "{D8C44B79-B0D2-4112-A580-2C33DF21686F}"
EndProject
Global
	GlobalSection(SolutionConfigurationPlatforms) = preSolution
		Debug|Any CPU = Debug|Any CPU
		Release|Any CPU = Release|Any CPU
	EndGlobalSection
	GlobalSection(ProjectConfigurationPlatforms) = postSolution
		{D8C44B79-B0D2-4112-A580-2C33DF21686F}.Debug|Any CPU.ActiveCfg = Debug|Any CPU
		{D8C44B79-B0D2-4112-A580-2C33DF21686F}.Debug|Any CPU.Build.0 = Debug|Any CPU
		{D8C44B79-B0D2-4112-A580-2C33DF21686F}.Release|Any CPU.ActiveCfg = Release|Any CPU
		{D8C44B79-B0D2-4112-A580-2C33DF21686F}.Release|Any CPU.Build.0 = Release|Any CPU
	EndGlobalSection
	GlobalSection(SolutionProperties) = preSolution
		HideSolutionNode = FALSE
	EndGlobalSection
	GlobalSection(ExtensibilityGlobals) = postSolution
		SolutionGuid = {14A90F09-CCF1-468D-AF70-B35529A481BD}
	EndGlobalSection
EndGlobal
